
Microsoft Visual Studio Solution File, Format Version 12.00
# Visual Studio 15
VisualStudioVersion = 15.0.28010.2003
MinimumVisualStudioVersion = 10.0.40219.1
Project("{9A19103F-16F7-4668-BE54-9A1E7A4F7556}") = "ImportCars", "ImportCars\ImportCars.csproj", "{0C2C5770-3B17-4AF2-8A60-01CE24CAB0F6}"
EndProject
Global
	GlobalSection(SolutionConfigurationPlatforms) = preSolution
		Debug|Any CPU = Debug|Any CPU
		Release|Any CPU = Release|Any CPU
	EndGlobalSection
	GlobalSection(ProjectConfigurationPlatforms) = postSolution
		{0C2C5770-3B17-4AF2-8A60-01CE24CAB0F6}.Debug|Any CPU.ActiveCfg = Debug|Any CPU
		{0C2C5770-3B17-4AF2-8A60-01CE24CAB0F6}.Debug|Any CPU.Build.0 = Debug|Any CPU
		{0C2C5770-3B17-4AF2-8A60-01CE24CAB0F6}.Release|Any CPU.ActiveCfg = Release|Any CPU
		{0C2C5770-3B17-4AF2-8A60-01CE24CAB0F6}.Release|Any CPU.Build.0 = Release|Any CPU
	EndGlobalSection
	GlobalSection(SolutionProperties) = preSolution
		HideSolutionNode = FALSE
	EndGlobalSection
	GlobalSection(ExtensibilityGlobals) = postSolution
		SolutionGuid = {DB4403D5-7089-4912-84AA-ACD31AFF88AF}
	EndGlobalSection
EndGlobal
